
Microsoft Visual Studio Solution File, Format Version 12.00
# Visual Studio Version 17
VisualStudioVersion = 17.0.32126.317
MinimumVisualStudioVersion = 10.0.40219.1
Project("{2150E333-8FDC-42A3-9474-1A3956D46DE8}") = "WebApi", "WebApi", "{5832F653-A3B4-47E6-BE32-662112207099}"
EndProject
Project("{9A19103F-16F7-4668-BE54-9A1E7A4F7556}") = "CCC.WebApi", "CCC.WebApi\CCC.WebApi.csproj", "{28B3A390-7557-47B8-8C57-1227A2587B8E}"
EndProject
Project("{2150E333-8FDC-42A3-9474-1A3956D46DE8}") = "Data", "Data", "{197E1B8A-6D76-4E66-94E9-4271BD42A579}"
EndProject
Project("{2150E333-8FDC-42A3-9474-1A3956D46DE8}") = "Dto", "Dto", "{AB419325-4FA4-437E-B265-B85CA2104944}"
EndProject
Project("{2150E333-8FDC-42A3-9474-1A3956D46DE8}") = "Service", "Service", "{07B7A812-36AA-4FD9-9402-8ECFBC9BB02A}"
EndProject
Project("{2150E333-8FDC-42A3-9474-1A3956D46DE8}") = "Repository", "Repository", "{C0AB95DC-BD8C-43C6-A1DF-B4331899BB68}"
EndProject
Project("{9A19103F-16F7-4668-BE54-9A1E7A4F7556}") = "CCC.Dto", "CCC.Dto\CCC.Dto.csproj", "{1989F2B9-0F5F-4CAA-89AF-08F7392572FC}"
EndProject
Project("{2150E333-8FDC-42A3-9474-1A3956D46DE8}") = "Common", "Common", "{1E28962E-FD71-4096-A147-3EA1F04450DD}"
EndProject
Project("{9A19103F-16F7-4668-BE54-9A1E7A4F7556}") = "CCC.Common", "CCC.Common\CCC.Common.csproj", "{9534685E-28EB-4D74-88AA-A843FA1E1255}"
EndProject
Project("{9A19103F-16F7-4668-BE54-9A1E7A4F7556}") = "CCC.Repository", "CCC.Repository\CCC.Repository.csproj", "{13380C99-98B3-48FF-84F3-408093ADE983}"
EndProject
Project("{9A19103F-16F7-4668-BE54-9A1E7A4F7556}") = "CCC.Service", "CCC.Service\CCC.Service.csproj", "{3F314BFD-ECE3-4150-82F4-F4777140F357}"
EndProject
Project("{9A19103F-16F7-4668-BE54-9A1E7A4F7556}") = "CCC.Data", "CCC.Data\CCC.Data.csproj", "{4B86DF48-C98B-46F9-B401-745CF4197137}"
EndProject
Global
	GlobalSection(SolutionConfigurationPlatforms) = preSolution
		Debug|Any CPU = Debug|Any CPU
		Release|Any CPU = Release|Any CPU
	EndGlobalSection
	GlobalSection(ProjectConfigurationPlatforms) = postSolution
		{28B3A390-7557-47B8-8C57-1227A2587B8E}.Debug|Any CPU.ActiveCfg = Debug|Any CPU
		{28B3A390-7557-47B8-8C57-1227A2587B8E}.Debug|Any CPU.Build.0 = Debug|Any CPU
		{28B3A390-7557-47B8-8C57-1227A2587B8E}.Release|Any CPU.ActiveCfg = Release|Any CPU
		{28B3A390-7557-47B8-8C57-1227A2587B8E}.Release|Any CPU.Build.0 = Release|Any CPU
		{1989F2B9-0F5F-4CAA-89AF-08F7392572FC}.Debug|Any CPU.ActiveCfg = Debug|Any CPU
		{1989F2B9-0F5F-4CAA-89AF-08F7392572FC}.Debug|Any CPU.Build.0 = Debug|Any CPU
		{1989F2B9-0F5F-4CAA-89AF-08F7392572FC}.Release|Any CPU.ActiveCfg = Release|Any CPU
		{1989F2B9-0F5F-4CAA-89AF-08F7392572FC}.Release|Any CPU.Build.0 = Release|Any CPU
		{9534685E-28EB-4D74-88AA-A843FA1E1255}.Debug|Any CPU.ActiveCfg = Debug|Any CPU
		{9534685E-28EB-4D74-88AA-A843FA1E1255}.Debug|Any CPU.Build.0 = Debug|Any CPU
		{9534685E-28EB-4D74-88AA-A843FA1E1255}.Release|Any CPU.ActiveCfg = Release|Any CPU
		{9534685E-28EB-4D74-88AA-A843FA1E1255}.Release|Any CPU.Build.0 = Release|Any CPU
		{13380C99-98B3-48FF-84F3-408093ADE983}.Debug|Any CPU.ActiveCfg = Debug|Any CPU
		{13380C99-98B3-48FF-84F3-408093ADE983}.Debug|Any CPU.Build.0 = Debug|Any CPU
		{13380C99-98B3-48FF-84F3-408093ADE983}.Release|Any CPU.ActiveCfg = Release|Any CPU
		{13380C99-98B3-48FF-84F3-408093ADE983}.Release|Any CPU.Build.0 = Release|Any CPU
		{3F314BFD-ECE3-4150-82F4-F4777140F357}.Debug|Any CPU.ActiveCfg = Debug|Any CPU
		{3F314BFD-ECE3-4150-82F4-F4777140F357}.Debug|Any CPU.Build.0 = Debug|Any CPU
		{3F314BFD-ECE3-4150-82F4-F4777140F357}.Release|Any CPU.ActiveCfg = Release|Any CPU
		{3F314BFD-ECE3-4150-82F4-F4777140F357}.Release|Any CPU.Build.0 = Release|Any CPU
		{4B86DF48-C98B-46F9-B401-745CF4197137}.Debug|Any CPU.ActiveCfg = Debug|Any CPU
		{4B86DF48-C98B-46F9-B401-745CF4197137}.Debug|Any CPU.Build.0 = Debug|Any CPU
		{4B86DF48-C98B-46F9-B401-745CF4197137}.Release|Any CPU.ActiveCfg = Release|Any CPU
		{4B86DF48-C98B-46F9-B401-745CF4197137}.Release|Any CPU.Build.0 = Release|Any CPU
	EndGlobalSection
	GlobalSection(SolutionProperties) = preSolution
		HideSolutionNode = FALSE
	EndGlobalSection
	GlobalSection(NestedProjects) = preSolution
		{28B3A390-7557-47B8-8C57-1227A2587B8E} = {5832F653-A3B4-47E6-BE32-662112207099}
		{1989F2B9-0F5F-4CAA-89AF-08F7392572FC} = {AB419325-4FA4-437E-B265-B85CA2104944}
		{9534685E-28EB-4D74-88AA-A843FA1E1255} = {1E28962E-FD71-4096-A147-3EA1F04450DD}
		{13380C99-98B3-48FF-84F3-408093ADE983} = {C0AB95DC-BD8C-43C6-A1DF-B4331899BB68}
		{3F314BFD-ECE3-4150-82F4-F4777140F357} = {07B7A812-36AA-4FD9-9402-8ECFBC9BB02A}
		{4B86DF48-C98B-46F9-B401-745CF4197137} = {197E1B8A-6D76-4E66-94E9-4271BD42A579}
	EndGlobalSection
	GlobalSection(ExtensibilityGlobals) = postSolution
		SolutionGuid = {833ED25F-6D24-4E79-915F-FF33BFADD5A4}
	EndGlobalSection
EndGlobal
